{
  "lockfile-version": 1,
  "manifest": {
    "schema-version": "1.11.0",
    "install": {
      "cargo-autoinherit": {
        "pkg-path": "cargo-autoinherit"
      },
      "cargo-binstall": {
        "pkg-path": "cargo-binstall"
      },
      "cargo-nextest": {
        "pkg-path": "cargo-nextest"
      },
      "pnpm": {
        "pkg-path": "pnpm"
      },
      "rustup": {
        "pkg-path": "rustup"
      },
      "sea-orm-cli": {
        "pkg-path": "sea-orm-cli"
      }
    },
    "hook": {},
    "profile": {},
    "options": {}
  },
  "packages": [
    {
      "attr_path": "cargo-autoinherit",
      "broken": false,
      "derivation": "/nix/store/vlv01xh3c4y7q0mq2fa1k4m6gjm9j722-cargo-autoinherit-0.1.6.drv",
      "description": "Automatically DRY up your Rust dependencies",
      "install_id": "cargo-autoinherit",
      "license": "[ Apache-2.0, MIT ]",
      "locked_url": "https://github.com/flox/nixpkgs?rev=1c3fe55ad329cbcb28471bb30f05c9827f724c76",
      "name": "cargo-autoinherit-0.1.6",
      "pname": "cargo-autoinherit",
      "rev": "1c3fe55ad329cbcb28471bb30f05c9827f724c76",
      "rev_count": 987561,
      "rev_date": "2026-04-27T05:36:01Z",
      "scrape_date": "2026-04-29T19:52:27.033478Z",
      "stabilities": [
        "unstable"
      ],
      "unfree": false,
      "version": "0.1.6",
      "outputs_to_install": [
        "out"
      ],
      "outputs": {
        "out": "/nix/store/sgmmxbyyjz5061b6w98z2v8q8qx2rjq1-cargo-autoinherit-0.1.6"
      },
      "system": "aarch64-darwin",
      "group": "toplevel",
      "priority": 5
    },
    {
      "attr_path": "cargo-autoinherit",
      "broken": false,
      "derivation": "/nix/store/9mkl8l9n9v8085skpmmd9j7fcr97276p-cargo-autoinherit-0.1.6.drv",
      "description": "Automatically DRY up your Rust dependencies",
      "install_id": "cargo-autoinherit",
      "license": "[ Apache-2.0, MIT ]",
      "locked_url": "https://github.com/flox/nixpkgs?rev=1c3fe55ad329cbcb28471bb30f05c9827f724c76",
      "name": "cargo-autoinherit-0.1.6",
      "pname": "cargo-autoinherit",
      "rev": "1c3fe55ad329cbcb28471bb30f05c9827f724c76",
      "rev_count": 987561,
      "rev_date": "2026-04-27T05:36:01Z",
      "scrape_date": "2026-04-29T20:42:17.250482Z",
      "stabilities": [
        "unstable"
      ],
      "unfree": false,
      "version": "0.1.6",
      "outputs_to_install": [
        "out"
      ],
      "outputs": {
        "out": "/nix/store/ihhxh033nndc14dbld00np42bc5ws4id-cargo-autoinherit-0.1.6"
      },
      "system": "aarch64-linux",
      "group": "toplevel",
      "priority": 5
    },
    {
      "attr_path": "cargo-autoinherit",
      "broken": false,
      "derivation": "/nix/store/c7kc2dii1bwhygdwcbkwc5lvykri6dbm-cargo-autoinherit-0.1.6.drv",
      "description": "Automatically DRY up your Rust dependencies",
      "install_id": "cargo-autoinherit",
      "license": "[ Apache-2.0, MIT ]",
      "locked_url": "https://github.com/flox/nixpkgs?rev=1c3fe55ad329cbcb28471bb30f05c9827f724c76",
      "name": "cargo-autoinherit-0.1.6",
      "pname": "cargo-autoinherit",
      "rev": "1c3fe55ad329cbcb28471bb30f05c9827f724c76",
      "rev_count": 987561,
      "rev_date": "2026-04-27T05:36:01Z",
      "scrape_date": "2026-04-29T21:54:32.189760Z",
      "stabilities": [
        "unstable"
      ],
      "unfree": false,
      "version": "0.1.6",
      "outputs_to_install": [
        "out"
      ],
      "outputs": {
        "out": "/nix/store/wah83b1rz9kiicak6y0kmwkysps6jr5r-cargo-autoinherit-0.1.6"
      },
      "system": "x86_64-darwin",
      "group": "toplevel",
      "priority": 5
    },
    {
      "attr_path": "cargo-autoinherit",
      "broken": false,
      "derivation": "/nix/store/8wky3qcahncqqnacdkj41j3cias2svwz-cargo-autoinherit-0.1.6.drv",
      "description": "Automatically DRY up your Rust dependencies",
      "install_id": "cargo-autoinherit",
      "license": "[ Apache-2.0, MIT ]",
      "locked_url": "https://github.com/flox/nixpkgs?rev=1c3fe55ad329cbcb28471bb30f05c9827f724c76",
      "name": "cargo-autoinherit-0.1.6",
      "pname": "cargo-autoinherit",
      "rev": "1c3fe55ad329cbcb28471bb30f05c9827f724c76",
      "rev_count": 987561,
      "rev_date": "2026-04-27T05:36:01Z",
      "scrape_date": "2026-04-29T23:09:57.050229Z",
      "stabilities": [
        "unstable"
      ],
      "unfree": false,
      "version": "0.1.6",
      "outputs_to_install": [
        "out"
      ],
      "outputs": {
        "out": "/nix/store/7qzxn6cyhwa544hywgwgh488wvgs3xxm-cargo-autoinherit-0.1.6"
      },
      "system": "x86_64-linux",
      "group": "toplevel",
      "priority": 5
    },
    {
      "attr_path": "cargo-binstall",
      "broken": false,
      "derivation": "/nix/store/i56pilmm5njq6si47x0mzpy1bwnqhz0k-cargo-binstall-1.18.1.drv",
      "description": "Tool for installing rust binaries as an alternative to building from source",
      "install_id": "cargo-binstall",
      "license": "GPL-3.0-only",
      "locked_url": "https://github.com/flox/nixpkgs?rev=1c3fe55ad329cbcb28471bb30f05c9827f724c76",
      "name": "cargo-binstall-1.18.1",
      "pname": "cargo-binstall",
      "rev": "1c3fe55ad329cbcb28471bb30f05c9827f724c76",
      "rev_count": 987561,
      "rev_date": "2026-04-27T05:36:01Z",
      "scrape_date": "2026-04-29T19:52:27.033895Z",
      "stabilities": [
        "unstable"
      ],
      "unfree": false,
      "version": "1.18.1",
      "outputs_to_install": [
        "out"
      ],
      "outputs": {
        "out": "/nix/store/a55s0mr4iy16g2nbimwffi6567j791fz-cargo-binstall-1.18.1"
      },
      "system": "aarch64-darwin",
      "group": "toplevel",
      "priority": 5
    },
    {
      "attr_path": "cargo-binstall",
      "broken": false,
      "derivation": "/nix/store/a8dd72nra06hynvr2a1s2y6k3rybaamx-cargo-binstall-1.18.1.drv",
      "description": "Tool for installing rust binaries as an alternative to building from source",
      "install_id": "cargo-binstall",
      "license": "GPL-3.0-only",
      "locked_url": "https://github.com/flox/nixpkgs?rev=1c3fe55ad329cbcb28471bb30f05c9827f724c76",
      "name": "cargo-binstall-1.18.1",
      "pname": "cargo-binstall",
      "rev": "1c3fe55ad329cbcb28471bb30f05c9827f724c76",
      "rev_count": 987561,
      "rev_date": "2026-04-27T05:36:01Z",
      "scrape_date": "2026-04-29T20:42:17.250958Z",
      "stabilities": [
        "unstable"
      ],
      "unfree": false,
      "version": "1.18.1",
      "outputs_to_install": [
        "out"
      ],
      "outputs": {
        "out": "/nix/store/d9rbwj1sm3ppkvmni74wh37p266mp0qb-cargo-binstall-1.18.1"
      },
      "system": "aarch64-linux",
      "group": "toplevel",
      "priority": 5
    },
    {
      "attr_path": "cargo-binstall",
      "broken": false,
      "derivation": "/nix/store/i12dwrxrprxn21s6k3bwava98l2n2zj0-cargo-binstall-1.18.1.drv",
      "description": "Tool for installing rust binaries as an alternative to building from source",
      "install_id": "cargo-binstall",
      "license": "GPL-3.0-only",
      "locked_url": "https://github.com/flox/nixpkgs?rev=1c3fe55ad329cbcb28471bb30f05c9827f724c76",
      "name": "cargo-binstall-1.18.1",
      "pname": "cargo-binstall",
      "rev": "1c3fe55ad329cbcb28471bb30f05c9827f724c76",
      "rev_count": 987561,
      "rev_date": "2026-04-27T05:36:01Z",
      "scrape_date": "2026-04-29T21:54:32.190156Z",
      "stabilities": [
        "unstable"
      ],
      "unfree": false,
      "version": "1.18.1",
      "outputs_to_install": [
        "out"
      ],
      "outputs": {
        "out": "/nix/store/rxkpcia9ak8w74qldqmq1pil2acyhszm-cargo-binstall-1.18.1"
      },
      "system": "x86_64-darwin",
      "group": "toplevel",
      "priority": 5
    },
    {
      "attr_path": "cargo-binstall",
      "broken": false,
      "derivation": "/nix/store/2qnllks50an43j3k441fipjm0vky2625-cargo-binstall-1.18.1.drv",
      "description": "Tool for installing rust binaries as an alternative to building from source",
      "install_id": "cargo-binstall",
      "license": "GPL-3.0-only",
      "locked_url": "https://github.com/flox/nixpkgs?rev=1c3fe55ad329cbcb28471bb30f05c9827f724c76",
      "name": "cargo-binstall-1.18.1",
      "pname": "cargo-binstall",
      "rev": "1c3fe55ad329cbcb28471bb30f05c9827f724c76",
      "rev_count": 987561,
      "rev_date": "2026-04-27T05:36:01Z",
      "scrape_date": "2026-04-29T23:09:57.050737Z",
      "stabilities": [
        "unstable"
      ],
      "unfree": false,
      "version": "1.18.1",
      "outputs_to_install": [
        "out"
      ],
      "outputs": {
        "out": "/nix/store/pfxyriql2aa33rrjbnd8wxmmsyh73r4v-cargo-binstall-1.18.1"
      },
      "system": "x86_64-linux",
      "group": "toplevel",
      "priority": 5
    },
    {
      "attr_path": "cargo-nextest",
      "broken": false,
      "derivation": "/nix/store/im42504dvng0d5wd5y9wdx33ij91g9di-cargo-nextest-0.9.133.drv",
      "description": "Next-generation test runner for Rust projects",
      "install_id": "cargo-nextest",
      "license": "[ MIT, Apache-2.0 ]",
      "locked_url": "https://github.com/flox/nixpkgs?rev=1c3fe55ad329cbcb28471bb30f05c9827f724c76",
      "name": "cargo-nextest-0.9.133",
      "pname": "cargo-nextest",
      "rev": "1c3fe55ad329cbcb28471bb30f05c9827f724c76",
      "rev_count": 987561,
      "rev_date": "2026-04-27T05:36:01Z",
      "scrape_date": "2026-04-29T19:52:27.043786Z",
      "stabilities": [
        "unstable"
      ],
      "unfree": false,
      "version": "0.9.133",
      "outputs_to_install": [
        "out"
      ],
      "outputs": {
        "out": "/nix/store/81z29swj5wk37xbp4p7hc1byrbkcr92r-cargo-nextest-0.9.133"
      },
      "system": "aarch64-darwin",
      "group": "toplevel",
      "priority": 5
    },
    {
      "attr_path": "cargo-nextest",
      "broken": false,
      "derivation": "/nix/store/qxzvh2dij2limr9zl638zliz0zh68iw6-cargo-nextest-0.9.133.drv",
      "description": "Next-generation test runner for Rust projects",
      "install_id": "cargo-nextest",
      "license": "[ MIT, Apache-2.0 ]",
      "locked_url": "https://github.com/flox/nixpkgs?rev=1c3fe55ad329cbcb28471bb30f05c9827f724c76",
      "name": "cargo-nextest-0.9.133",
      "pname": "cargo-nextest",
      "rev": "1c3fe55ad329cbcb28471bb30f05c9827f724c76",
      "rev_count": 987561,
      "rev_date": "2026-04-27T05:36:01Z",
      "scrape_date": "2026-04-29T20:42:17.261151Z",
      "stabilities": [
        "unstable"
      ],
      "unfree": false,
      "version": "0.9.133",
      "outputs_to_install": [
        "out"
      ],
      "outputs": {
        "out": "/nix/store/25ngr225v1nyipiihw6ld1x22q8gpwqj-cargo-nextest-0.9.133"
      },
      "system": "aarch64-linux",
      "group": "toplevel",
      "priority": 5
    },
    {
      "attr_path": "cargo-nextest",
      "broken": false,
      "derivation": "/nix/store/5gi6in0r6psbgrh517a4zhx6imdjaxaz-cargo-nextest-0.9.133.drv",
      "description": "Next-generation test runner for Rust projects",
      "install_id": "cargo-nextest",
      "license": "[ MIT, Apache-2.0 ]",
      "locked_url": "https://github.com/flox/nixpkgs?rev=1c3fe55ad329cbcb28471bb30f05c9827f724c76",
      "name": "cargo-nextest-0.9.133",
      "pname": "cargo-nextest",
      "rev": "1c3fe55ad329cbcb28471bb30f05c9827f724c76",
      "rev_count": 987561,
      "rev_date": "2026-04-27T05:36:01Z",
      "scrape_date": "2026-04-29T21:54:32.199342Z",
      "stabilities": [
        "unstable"
      ],
      "unfree": false,
      "version": "0.9.133",
      "outputs_to_install": [
        "out"
      ],
      "outputs": {
        "out": "/nix/store/dlc1hzwhy0xszvnqy3s061lz5yk4nisw-cargo-nextest-0.9.133"
      },
      "system": "x86_64-darwin",
      "group": "toplevel",
      "priority": 5
    },
    {
      "attr_path": "cargo-nextest",
      "broken": false,
      "derivation": "/nix/store/ivk618v9yn0p4gz9f9i74r8wq54k0b0n-cargo-nextest-0.9.133.drv",
      "description": "Next-generation test runner for Rust projects",
      "install_id": "cargo-nextest",
      "license": "[ MIT, Apache-2.0 ]",
      "locked_url": "https://github.com/flox/nixpkgs?rev=1c3fe55ad329cbcb28471bb30f05c9827f724c76",
      "name": "cargo-nextest-0.9.133",
      "pname": "cargo-nextest",
      "rev": "1c3fe55ad329cbcb28471bb30f05c9827f724c76",
      "rev_count": 987561,
      "rev_date": "2026-04-27T05:36:01Z",
      "scrape_date": "2026-04-29T23:09:57.062188Z",
      "stabilities": [
        "unstable"
      ],
      "unfree": false,
      "version": "0.9.133",
      "outputs_to_install": [
        "out"
      ],
      "outputs": {
        "out": "/nix/store/h4x1f2sqjgs4qfbdhrsnb4d23bv0wiv6-cargo-nextest-0.9.133"
      },
      "system": "x86_64-linux",
      "group": "toplevel",
      "priority": 5
    },
    {
      "attr_path": "pnpm",
      "broken": false,
      "derivation": "/nix/store/xybhwrpk7cxgzv8lpy9d3zl9457n8ix6-pnpm-10.33.2.drv",
      "description": "Fast, disk space efficient package manager for JavaScript",
      "install_id": "pnpm",
      "license": "MIT",
      "locked_url": "https://github.com/flox/nixpkgs?rev=1c3fe55ad329cbcb28471bb30f05c9827f724c76",
      "name": "pnpm-10.33.2",
      "pname": "pnpm",
      "rev": "1c3fe55ad329cbcb28471bb30f05c9827f724c76",
      "rev_count": 987561,
      "rev_date": "2026-04-27T05:36:01Z",
      "scrape_date": "2026-04-29T19:53:06.702322Z",
      "stabilities": [
        "unstable"
      ],
      "unfree": false,
      "version": "10.33.2",
      "outputs_to_install": [
        "out"
      ],
      "outputs": {
        "out": "/nix/store/x3hcc83jr8myi9p2r5prgpmxx50wd1cr-pnpm-10.33.2"
      },
      "system": "aarch64-darwin",
      "group": "toplevel",
      "priority": 5
    },
    {
      "attr_path": "pnpm",
      "broken": false,
      "derivation": "/nix/store/m4hv1iwjvhrr5prgaq1bn29r0a098gi0-pnpm-10.33.2.drv",
      "description": "Fast, disk space efficient package manager for JavaScript",
      "install_id": "pnpm",
      "license": "MIT",
      "locked_url": "https://github.com/flox/nixpkgs?rev=1c3fe55ad329cbcb28471bb30f05c9827f724c76",
      "name": "pnpm-10.33.2",
      "pname": "pnpm",
      "rev": "1c3fe55ad329cbcb28471bb30f05c9827f724c76",
      "rev_count": 987561,
      "rev_date": "2026-04-27T05:36:01Z",
      "scrape_date": "2026-04-29T20:43:12.966256Z",
      "stabilities": [
        "unstable"
      ],
      "unfree": false,
      "version": "10.33.2",
      "outputs_to_install": [
        "out"
      ],
      "outputs": {
        "out": "/nix/store/6xd3l0crxpda9l171r9736s085dsn2ys-pnpm-10.33.2"
      },
      "system": "aarch64-linux",
      "group": "toplevel",
      "priority": 5
    },
    {
      "attr_path": "pnpm",
      "broken": false,
      "derivation": "/nix/store/ygqxygd7h1giij8rhiss31dxvdvp86xn-pnpm-10.33.2.drv",
      "description": "Fast, disk space efficient package manager for JavaScript",
      "install_id": "pnpm",
      "license": "MIT",
      "locked_url": "https://github.com/flox/nixpkgs?rev=1c3fe55ad329cbcb28471bb30f05c9827f724c76",
      "name": "pnpm-10.33.2",
      "pname": "pnpm",
      "rev": "1c3fe55ad329cbcb28471bb30f05c9827f724c76",
      "rev_count": 987561,
      "rev_date": "2026-04-27T05:36:01Z",
      "scrape_date": "2026-04-29T21:55:12.221905Z",
      "stabilities": [
        "unstable"
      ],
      "unfree": false,
      "version": "10.33.2",
      "outputs_to_install": [
        "out"
      ],
      "outputs": {
        "out": "/nix/store/yqffj1df34s1vnpibisf278k9fv03x3j-pnpm-10.33.2"
      },
      "system": "x86_64-darwin",
      "group": "toplevel",
      "priority": 5
    },
    {
      "attr_path": "pnpm",
      "broken": false,
      "derivation": "/nix/store/hayp0yzhkvrlsz63lz8yhanqilikzc62-pnpm-10.33.2.drv",
      "description": "Fast, disk space efficient package manager for JavaScript",
      "install_id": "pnpm",
      "license": "MIT",
      "locked_url": "https://github.com/flox/nixpkgs?rev=1c3fe55ad329cbcb28471bb30f05c9827f724c76",
      "name": "pnpm-10.33.2",
      "pname": "pnpm",
      "rev": "1c3fe55ad329cbcb28471bb30f05c9827f724c76",
      "rev_count": 987561,
      "rev_date": "2026-04-27T05:36:01Z",
      "scrape_date": "2026-04-29T23:10:57.571672Z",
      "stabilities": [
        "unstable"
      ],
      "unfree": false,
      "version": "10.33.2",
      "outputs_to_install": [
        "out"
      ],
      "outputs": {
        "out": "/nix/store/4yfpaak9jcmls1hzybqxb1yh8wipr4id-pnpm-10.33.2"
      },
      "system": "x86_64-linux",
      "group": "toplevel",
      "priority": 5
    },
    {
      "attr_path": "rustup",
      "broken": false,
      "derivation": "/nix/store/bn1cfnkbwch3f6k9vyf88hqscxr0zdxf-rustup-1.29.0.drv",
      "description": "Rust toolchain installer",
      "install_id": "rustup",
      "license": "[ Apache-2.0, MIT ]",
      "locked_url": "https://github.com/flox/nixpkgs?rev=1c3fe55ad329cbcb28471bb30f05c9827f724c76",
      "name": "rustup-1.29.0",
      "pname": "rustup",
      "rev": "1c3fe55ad329cbcb28471bb30f05c9827f724c76",
      "rev_count": 987561,
      "rev_date": "2026-04-27T05:36:01Z",
      "scrape_date": "2026-04-29T19:54:01.230981Z",
      "stabilities": [
        "unstable"
      ],
      "unfree": false,
      "version": "1.29.0",
      "outputs_to_install": [
        "out"
      ],
      "outputs": {
        "out": "/nix/store/zviv90gxv3gpnr05gsvyq81v45y58312-rustup-1.29.0"
      },
      "system": "aarch64-darwin",
      "group": "toplevel",
      "priority": 5
    },
    {
      "attr_path": "rustup",
      "broken": false,
      "derivation": "/nix/store/99h75vpm8v0fbbd6xa2wyzyhnvsnrk69-rustup-1.29.0.drv",
      "description": "Rust toolchain installer",
      "install_id": "rustup",
      "license": "[ Apache-2.0, MIT ]",
      "locked_url": "https://github.com/flox/nixpkgs?rev=1c3fe55ad329cbcb28471bb30f05c9827f724c76",
      "name": "rustup-1.29.0",
      "pname": "rustup",
      "rev": "1c3fe55ad329cbcb28471bb30f05c9827f724c76",
      "rev_count": 987561,
      "rev_date": "2026-04-27T05:36:01Z",
      "scrape_date": "2026-04-29T20:44:18.479307Z",
      "stabilities": [
        "unstable"
      ],
      "unfree": false,
      "version": "1.29.0",
      "outputs_to_install": [
        "out"
      ],
      "outputs": {
        "out": "/nix/store/d75lzy3my3nznkr4lan25qlglzj9dinc-rustup-1.29.0"
      },
      "system": "aarch64-linux",
      "group": "toplevel",
      "priority": 5
    },
    {
      "attr_path": "rustup",
      "broken": false,
      "derivation": "/nix/store/ih3j83h4bj2fybglvcrqj49fxgw2yky0-rustup-1.29.0.drv",
      "description": "Rust toolchain installer",
      "install_id": "rustup",
      "license": "[ Apache-2.0, MIT ]",
      "locked_url": "https://github.com/flox/nixpkgs?rev=1c3fe55ad329cbcb28471bb30f05c9827f724c76",
      "name": "rustup-1.29.0",
      "pname": "rustup",
      "rev": "1c3fe55ad329cbcb28471bb30f05c9827f724c76",
      "rev_count": 987561,
      "rev_date": "2026-04-27T05:36:01Z",
      "scrape_date": "2026-04-29T21:56:06.260702Z",
      "stabilities": [
        "unstable"
      ],
      "unfree": false,
      "version": "1.29.0",
      "outputs_to_install": [
        "out"
      ],
      "outputs": {
        "out": "/nix/store/927rnc4yvpas5rgsmm1ymih8vv3pivds-rustup-1.29.0"
      },
      "system": "x86_64-darwin",
      "group": "toplevel",
      "priority": 5
    },
    {
      "attr_path": "rustup",
      "broken": false,
      "derivation": "/nix/store/b0c2kqnq2fb9cj06p97dbxvvwyahfzrd-rustup-1.29.0.drv",
      "description": "Rust toolchain installer",
      "install_id": "rustup",
      "license": "[ Apache-2.0, MIT ]",
      "locked_url": "https://github.com/flox/nixpkgs?rev=1c3fe55ad329cbcb28471bb30f05c9827f724c76",
      "name": "rustup-1.29.0",
      "pname": "rustup",
      "rev": "1c3fe55ad329cbcb28471bb30f05c9827f724c76",
      "rev_count": 987561,
      "rev_date": "2026-04-27T05:36:01Z",
      "scrape_date": "2026-04-29T23:12:07.273412Z",
      "stabilities": [
        "unstable"
      ],
      "unfree": false,
      "version": "1.29.0",
      "outputs_to_install": [
        "out"
      ],
      "outputs": {
        "out": "/nix/store/xiy3ydpzw5bdqqd7ri8qbg3bn4r2qxg1-rustup-1.29.0"
      },
      "system": "x86_64-linux",
      "group": "toplevel",
      "priority": 5
    },
    {
      "attr_path": "sea-orm-cli",
      "broken": false,
      "derivation": "/nix/store/a9fc9zhw5awqqc5rsy2gszdck14g92xc-sea-orm-cli-1.1.19.drv",
      "description": "Command line utility for SeaORM",
      "install_id": "sea-orm-cli",
      "license": "[ MIT, Apache-2.0 ]",
      "locked_url": "https://github.com/flox/nixpkgs?rev=1c3fe55ad329cbcb28471bb30f05c9827f724c76",
      "name": "sea-orm-cli-1.1.19",
      "pname": "sea-orm-cli",
      "rev": "1c3fe55ad329cbcb28471bb30f05c9827f724c76",
      "rev_count": 987561,
      "rev_date": "2026-04-27T05:36:01Z",
      "scrape_date": "2026-04-29T19:54:15.809341Z",
      "stabilities": [
        "unstable"
      ],
      "unfree": false,
      "version": "1.1.19",
      "outputs_to_install": [
        "out"
      ],
      "outputs": {
        "out": "/nix/store/qw9dzpx79zs3759zh2vl565izw5y8dk5-sea-orm-cli-1.1.19"
      },
      "system": "aarch64-darwin",
      "group": "toplevel",
      "priority": 5
    },
    {
      "attr_path": "sea-orm-cli",
      "broken": false,
      "derivation": "/nix/store/3g0spbx6gjn0b7s55nkrf8bn1081nvkv-sea-orm-cli-1.1.19.drv",
      "description": "Command line utility for SeaORM",
      "install_id": "sea-orm-cli",
      "license": "[ MIT, Apache-2.0 ]",
      "locked_url": "https://github.com/flox/nixpkgs?rev=1c3fe55ad329cbcb28471bb30f05c9827f724c76",
      "name": "sea-orm-cli-1.1.19",
      "pname": "sea-orm-cli",
      "rev": "1c3fe55ad329cbcb28471bb30f05c9827f724c76",
      "rev_count": 987561,
      "rev_date": "2026-04-27T05:36:01Z",
      "scrape_date": "2026-04-29T20:44:34.832891Z",
      "stabilities": [
        "unstable"
      ],
      "unfree": false,
      "version": "1.1.19",
      "outputs_to_install": [
        "out"
      ],
      "outputs": {
        "out": "/nix/store/s9laa0kgwss2g29hn09qq68g89aj512v-sea-orm-cli-1.1.19"
      },
      "system": "aarch64-linux",
      "group": "toplevel",
      "priority": 5
    },
    {
      "attr_path": "sea-orm-cli",
      "broken": false,
      "derivation": "/nix/store/8cssbdg5x2dq11hvm5g7irbkvrjxl4x3-sea-orm-cli-1.1.19.drv",
      "description": "Command line utility for SeaORM",
      "install_id": "sea-orm-cli",
      "license": "[ MIT, Apache-2.0 ]",
      "locked_url": "https://github.com/flox/nixpkgs?rev=1c3fe55ad329cbcb28471bb30f05c9827f724c76",
      "name": "sea-orm-cli-1.1.19",
      "pname": "sea-orm-cli",
      "rev": "1c3fe55ad329cbcb28471bb30f05c9827f724c76",
      "rev_count": 987561,
      "rev_date": "2026-04-27T05:36:01Z",
      "scrape_date": "2026-04-29T21:56:20.913752Z",
      "stabilities": [
        "unstable"
      ],
      "unfree": false,
      "version": "1.1.19",
      "outputs_to_install": [
        "out"
      ],
      "outputs": {
        "out": "/nix/store/f15irxgs7cgfyavb019j23dhqarxmvzk-sea-orm-cli-1.1.19"
      },
      "system": "x86_64-darwin",
      "group": "toplevel",
      "priority": 5
    },
    {
      "attr_path": "sea-orm-cli",
      "broken": false,
      "derivation": "/nix/store/acwqg0qx261gqpkx8djj3pr9s2iji3ky-sea-orm-cli-1.1.19.drv",
      "description": "Command line utility for SeaORM",
      "install_id": "sea-orm-cli",
      "license": "[ MIT, Apache-2.0 ]",
      "locked_url": "https://github.com/flox/nixpkgs?rev=1c3fe55ad329cbcb28471bb30f05c9827f724c76",
      "name": "sea-orm-cli-1.1.19",
      "pname": "sea-orm-cli",
      "rev": "1c3fe55ad329cbcb28471bb30f05c9827f724c76",
      "rev_count": 987561,
      "rev_date": "2026-04-27T05:36:01Z",
      "scrape_date": "2026-04-29T23:12:24.422235Z",
      "stabilities": [
        "unstable"
      ],
      "unfree": false,
      "version": "1.1.19",
      "outputs_to_install": [
        "out"
      ],
      "outputs": {
        "out": "/nix/store/0y20zgwxwvi959saiqp617cywy6ah433-sea-orm-cli-1.1.19"
      },
      "system": "x86_64-linux",
      "group": "toplevel",
      "priority": 5
    }
  ]
}
